<?xml version="1.0" encoding="utf-8"?>
<Project ToolsVersion="4.0" xmlns="http://schemas.microsoft.com/developer/msbuild/2003">
  <ItemGroup>
    <Filter Include="Source Files">
      <UniqueIdentifier>{4FC737F1-C7A5-4376-A066-2A32D752A2FF}</UniqueIdentifier>
      <Extensions>cpp;c;cc;cxx;c++;cppm;ixx;def;odl;idl;hpj;bat;asm;asmx</Extensions>
    </Filter>
    <Filter Include="Header Files">
      <UniqueIdentifier>{93995380-89BD-4b04-88EB-625FBE52EBFB}</UniqueIdentifier>
      <Extensions>h;hh;hpp;hxx;h++;hm;inl;inc;ipp;xsd</Extensions>
    </Filter>
    <Filter Include="Resource Files">
      <UniqueIdentifier>{67DA6AB6-F800-4c08-8B7A-83BB121AAD01}</UniqueIdentifier>
      <Extensions>rc;ico;cur;bmp;dlg;rc2;rct;bin;rgs;gif;jpg;jpeg;jpe;resx;tiff;tif;png;wav;mfcribbon-ms</Extensions>
    </Filter>
  </ItemGroup>
  <ItemGroup>
    <ClCompile Include="invert.cpp">
      <Filter>Source Files</Filter>
    </ClCompile>
    <ClCompile Include="matrix.cpp">
      <Filter>Source Files</Filter>
    </ClCompile>
  </ItemGroup>
  <ItemGroup>
    <ClInclude Include="matrix.h">
      <Filter>Header Files</Filter>
    </ClInclude>
  </ItemGroup>
  <ItemGroup>
    <Text Include="tests\expected\t16_expected.txt" />
    <Text Include="tests\input\t04_input.txt" />
    <Text Include="tests\input\t03_input.txt" />
    <Text Include="tests\input\t01_input.txt" />
    <Text Include="tests\input\t06_input.txt" />
    <Text Include="tests\expected\t15_expected.txt" />
    <Text Include="tests\input\t07_input.txt" />
    <Text Include="tests\expected\t14_expected.txt" />
    <Text Include="tests\input\t08_input.txt" />
    <Text Include="tests\input\t09_input.txt" />
    <Text Include="tests\expected\t13_expected.txt" />
    <Text Include="tests\input\t10_input.txt" />
    <Text Include="tests\input\t11_input.txt" />
    <Text Include="tests\expected\t12_expected.txt" />
    <Text Include="tests\input\t12_input.txt" />
    <Text Include="tests\expected\t01_expected.txt" />
    <Text Include="tests\expected\t11_expected.txt" />
    <Text Include="tests\expected\t02_expected.txt" />
    <Text Include="tests\expected\t03_expected.txt" />
    <Text Include="tests\expected\t10_expected.txt" />
    <Text Include="tests\expected\t05_expected.txt" />
    <Text Include="tests\expected\t06_expected.txt" />
    <Text Include="tests\expected\t04_expected.txt" />
    <Text Include="tests\expected\t07_expected.txt" />
    <Text Include="tests\expected\t08_expected.txt" />
    <Text Include="tests\expected\t09_expected.txt" />
    <Text Include="tests\input\t05_input.txt" />
    <Text Include="tests\input\t02_input.txt" />
  </ItemGroup>
  <ItemGroup>
    <None Include="run_tests.bat">
      <Filter>Source Files</Filter>
    </None>
    <None Include="tests\create_tests.ps1" />
  </ItemGroup>
</Project>